
Microsoft Visual Studio Solution File, Format Version 12.00
# Visual Studio Version 17
VisualStudioVersion = 17.4.33122.133
MinimumVisualStudioVersion = 10.0.40219.1
Project("{FAE04EC0-301F-11D3-BF4B-00C04F79EFBC}") = "TUTORIAL", "TUTORIAL.csproj", "{453CA783-B021-46D4-B107-479A7907969D}"
EndProject
Global
	GlobalSection(SolutionConfigurationPlatforms) = preSolution
		Debug|Any CPU = Debug|Any CPU
		Release|Any CPU = Release|Any CPU
	EndGlobalSection
	GlobalSection(ProjectConfigurationPlatforms) = postSolution
		{453CA783-B021-46D4-B107-479A7907969D}.Debug|Any CPU.ActiveCfg = Debug|Any CPU
		{453CA783-B021-46D4-B107-479A7907969D}.Debug|Any CPU.Build.0 = Debug|Any CPU
		{453CA783-B021-46D4-B107-479A7907969D}.Release|Any CPU.ActiveCfg = Release|Any CPU
		{453CA783-B021-46D4-B107-479A7907969D}.Release|Any CPU.Build.0 = Release|Any CPU
	EndGlobalSection
	GlobalSection(SolutionProperties) = preSolution
		HideSolutionNode = FALSE
	EndGlobalSection
	GlobalSection(ExtensibilityGlobals) = postSolution
		SolutionGuid = {CC346E59-8443-468B-911E-C1B32ED3C4DD}
	EndGlobalSection
EndGlobal
